
Microsoft Visual Studio Solution File, Format Version 12.00
# Visual Studio 2012
Project("{FAE04EC0-301F-11D3-BF4B-00C04F79EFBC}") = "CoarseGrind", "CoarseGrind\CoarseGrind.csproj", "{49EA574B-5DFA-4A26-B6D8-8048D08F8075}"
EndProject
Project("{FAE04EC0-301F-11D3-BF4B-00C04F79EFBC}") = "CoarseGrindExamples", "CoarseGrindExamples\CoarseGrindExamples.csproj", "{B5E32433-8F6E-43DA-8572-DB88129E9EF8}"
EndProject
Project("{FAE04EC0-301F-11D3-BF4B-00C04F79EFBC}") = "RolePlaySystem", "RolePlaySystem\RolePlaySystem.csproj", "{A748FE99-294E-453C-9C8D-95118896E4B4}"
EndProject
Project("{FAE04EC0-301F-11D3-BF4B-00C04F79EFBC}") = "CardSystem", "CardSystem\CardSystem.csproj", "{F19FAF24-1779-4BE3-800D-406F0779A424}"
EndProject
Project("{FAE04EC0-301F-11D3-BF4B-00C04F79EFBC}") = "Common", "Common\Common.csproj", "{463F0CF5-6D6C-41BB-BF82-528396FF185A}"
EndProject
Project("{FAE04EC0-301F-11D3-BF4B-00C04F79EFBC}") = "Memoir_v1", "MemoirV1\Memoir_v1.csproj", "{38C7C695-9D8E-41C5-B457-9D906CAE5A66}"
EndProject
Project("{FAE04EC0-301F-11D3-BF4B-00C04F79EFBC}") = "MemoirV1Example", "MemoirExample\MemoirV1Example.csproj", "{3D0FE45E-3D31-4FC4-BFBF-903FF6A4A497}"
EndProject
Global
	GlobalSection(SolutionConfigurationPlatforms) = preSolution
		Debug|Any CPU = Debug|Any CPU
		Release|Any CPU = Release|Any CPU
	EndGlobalSection
	GlobalSection(ProjectConfigurationPlatforms) = postSolution
		{49EA574B-5DFA-4A26-B6D8-8048D08F8075}.Debug|Any CPU.ActiveCfg = Debug|Any CPU
		{49EA574B-5DFA-4A26-B6D8-8048D08F8075}.Debug|Any CPU.Build.0 = Debug|Any CPU
		{49EA574B-5DFA-4A26-B6D8-8048D08F8075}.Release|Any CPU.ActiveCfg = Release|Any CPU
		{49EA574B-5DFA-4A26-B6D8-8048D08F8075}.Release|Any CPU.Build.0 = Release|Any CPU
		{B5E32433-8F6E-43DA-8572-DB88129E9EF8}.Debug|Any CPU.ActiveCfg = Debug|Any CPU
		{B5E32433-8F6E-43DA-8572-DB88129E9EF8}.Debug|Any CPU.Build.0 = Debug|Any CPU
		{B5E32433-8F6E-43DA-8572-DB88129E9EF8}.Release|Any CPU.ActiveCfg = Release|Any CPU
		{B5E32433-8F6E-43DA-8572-DB88129E9EF8}.Release|Any CPU.Build.0 = Release|Any CPU
		{A748FE99-294E-453C-9C8D-95118896E4B4}.Debug|Any CPU.ActiveCfg = Debug|Any CPU
		{A748FE99-294E-453C-9C8D-95118896E4B4}.Debug|Any CPU.Build.0 = Debug|Any CPU
		{A748FE99-294E-453C-9C8D-95118896E4B4}.Release|Any CPU.ActiveCfg = Release|Any CPU
		{A748FE99-294E-453C-9C8D-95118896E4B4}.Release|Any CPU.Build.0 = Release|Any CPU
		{F19FAF24-1779-4BE3-800D-406F0779A424}.Debug|Any CPU.ActiveCfg = Debug|Any CPU
		{F19FAF24-1779-4BE3-800D-406F0779A424}.Debug|Any CPU.Build.0 = Debug|Any CPU
		{F19FAF24-1779-4BE3-800D-406F0779A424}.Release|Any CPU.ActiveCfg = Release|Any CPU
		{F19FAF24-1779-4BE3-800D-406F0779A424}.Release|Any CPU.Build.0 = Release|Any CPU
		{463F0CF5-6D6C-41BB-BF82-528396FF185A}.Debug|Any CPU.ActiveCfg = Debug|Any CPU
		{463F0CF5-6D6C-41BB-BF82-528396FF185A}.Debug|Any CPU.Build.0 = Debug|Any CPU
		{463F0CF5-6D6C-41BB-BF82-528396FF185A}.Release|Any CPU.ActiveCfg = Release|Any CPU
		{463F0CF5-6D6C-41BB-BF82-528396FF185A}.Release|Any CPU.Build.0 = Release|Any CPU
		{38C7C695-9D8E-41C5-B457-9D906CAE5A66}.Debug|Any CPU.ActiveCfg = Debug|Any CPU
		{38C7C695-9D8E-41C5-B457-9D906CAE5A66}.Debug|Any CPU.Build.0 = Debug|Any CPU
		{38C7C695-9D8E-41C5-B457-9D906CAE5A66}.Release|Any CPU.ActiveCfg = Release|Any CPU
		{38C7C695-9D8E-41C5-B457-9D906CAE5A66}.Release|Any CPU.Build.0 = Release|Any CPU
		{3D0FE45E-3D31-4FC4-BFBF-903FF6A4A497}.Debug|Any CPU.ActiveCfg = Debug|Any CPU
		{3D0FE45E-3D31-4FC4-BFBF-903FF6A4A497}.Debug|Any CPU.Build.0 = Debug|Any CPU
		{3D0FE45E-3D31-4FC4-BFBF-903FF6A4A497}.Release|Any CPU.ActiveCfg = Release|Any CPU
		{3D0FE45E-3D31-4FC4-BFBF-903FF6A4A497}.Release|Any CPU.Build.0 = Release|Any CPU
	EndGlobalSection
	GlobalSection(MonoDevelopProperties) = preSolution
		version = 6.0
	EndGlobalSection
EndGlobal
